
Microsoft Visual Studio Solution File, Format Version 12.00
# Visual Studio 15
VisualStudioVersion = 15.0.28307.902
MinimumVisualStudioVersion = 10.0.40219.1
Project("{888888A0-9F3D-457C-B088-3A5042F75D52}") = "PyChip8", "PyChip8\PyChip8.pyproj", "{7D797B3B-A78D-42C5-BD69-2D375754B2BD}"
EndProject
Global
	GlobalSection(SolutionConfigurationPlatforms) = preSolution
		Debug|Any CPU = Debug|Any CPU
		Release|Any CPU = Release|Any CPU
	EndGlobalSection
	GlobalSection(ProjectConfigurationPlatforms) = postSolution
		{7D797B3B-A78D-42C5-BD69-2D375754B2BD}.Debug|Any CPU.ActiveCfg = Debug|Any CPU
		{7D797B3B-A78D-42C5-BD69-2D375754B2BD}.Release|Any CPU.ActiveCfg = Release|Any CPU
	EndGlobalSection
	GlobalSection(SolutionProperties) = preSolution
		HideSolutionNode = FALSE
	EndGlobalSection
	GlobalSection(ExtensibilityGlobals) = postSolution
		SolutionGuid = {CEC55D9C-089E-4A1E-9552-A83EC9E07365}
	EndGlobalSection
EndGlobal
